{
	"name": "node-docker-test",
	"version": "1.0.0",
	"lockfileVersion": 1,
	"requires": true,
	"dependencies": {
		"@fastify/ajv-compiler": {
			"version": "1.1.0",
			"resolved": "https://registry.nlark.com/@fastify/ajv-compiler/download/@fastify/ajv-compiler-1.1.0.tgz",
			"integrity": "sha1-XOgLH8i+v/yMW6Qo1eOS0PntEKE=",
			"requires": {
				"ajv": "^6.12.6"
			}
		},
		"abstract-logging": {
			"version": "2.0.1",
			"resolved": "https://registry.npm.taobao.org/abstract-logging/download/abstract-logging-2.0.1.tgz",
			"integrity": "sha1-aww3HfIS23EptX0uf88oK4vxyDk="
		},
		"ajv": {
			"version": "6.12.6",
			"resolved": "https://registry.nlark.com/ajv/download/ajv-6.12.6.tgz?cache=0&sync_timestamp=1625392519927&other_urls=https%3A%2F%2Fregistry.nlark.com%2Fajv%2Fdownload%2Fajv-6.12.6.tgz",
			"integrity": "sha1-uvWmLoArB9l3A0WG+MO69a3ybfQ=",
			"requires": {
				"fast-deep-equal": "^3.1.1",
				"fast-json-stable-stringify": "^2.0.0",
				"json-schema-traverse": "^0.4.1",
				"uri-js": "^4.2.2"
			}
		},
		"archy": {
			"version": "1.0.0",
			"resolved": "https://registry.npm.taobao.org/archy/download/archy-1.0.0.tgz",
			"integrity": "sha1-+cjBN1fMHde8N5rHeyxipcKGjEA="
		},
		"atomic-sleep": {
			"version": "1.0.0",
			"resolved": "https://registry.npm.taobao.org/atomic-sleep/download/atomic-sleep-1.0.0.tgz",
			"integrity": "sha1-64W3emAfyTLP5DLFrNNkqeLJB1s="
		},
		"avvio": {
			"version": "7.2.2",
			"resolved": "https://registry.nlark.com/avvio/download/avvio-7.2.2.tgz",
			"integrity": "sha1-WOAOeWiHACbNe31PaJ1ZbbYp4lE=",
			"requires": {
				"archy": "^1.0.0",
				"debug": "^4.0.0",
				"fastq": "^1.6.1",
				"queue-microtask": "^1.1.2"
			}
		},
		"cookie": {
			"version": "0.4.1",
			"resolved": "https://registry.nlark.com/cookie/download/cookie-0.4.1.tgz",
			"integrity": "sha1-r9cT/ibr0hupXOth+agRblClN9E="
		},
		"debug": {
			"version": "4.3.2",
			"resolved": "https://registry.nlark.com/debug/download/debug-4.3.2.tgz?cache=0&sync_timestamp=1625374632845&other_urls=https%3A%2F%2Fregistry.nlark.com%2Fdebug%2Fdownload%2Fdebug-4.3.2.tgz",
			"integrity": "sha1-8KScGKyHeeMdSgxgKd+3aHPHQos=",
			"requires": {
				"ms": "2.1.2"
			}
		},
		"deepmerge": {
			"version": "4.2.2",
			"resolved": "https://registry.npm.taobao.org/deepmerge/download/deepmerge-4.2.2.tgz",
			"integrity": "sha1-RNLqNnm49NT/ujPwPYZfwee/SVU="
		},
		"fast-decode-uri-component": {
			"version": "1.0.1",
			"resolved": "https://registry.npm.taobao.org/fast-decode-uri-component/download/fast-decode-uri-component-1.0.1.tgz",
			"integrity": "sha1-Rvi2wisw/3qBNX1PWav66TggJUM="
		},
		"fast-deep-equal": {
			"version": "3.1.3",
			"resolved": "https://registry.npm.taobao.org/fast-deep-equal/download/fast-deep-equal-3.1.3.tgz",
			"integrity": "sha1-On1WtVnWy8PrUSMlJE5hmmXGxSU="
		},
		"fast-json-stable-stringify": {
			"version": "2.1.0",
			"resolved": "https://registry.npm.taobao.org/fast-json-stable-stringify/download/fast-json-stable-stringify-2.1.0.tgz",
			"integrity": "sha1-h0v2nG9ATCtdmcSBNBOZ/VWJJjM="
		},
		"fast-json-stringify": {
			"version": "2.7.7",
			"resolved": "https://registry.nlark.com/fast-json-stringify/download/fast-json-stringify-2.7.7.tgz",
			"integrity": "sha1-nhwPI49WZVnD1Lma4XqOVFOBwW4=",
			"requires": {
				"ajv": "^6.11.0",
				"deepmerge": "^4.2.2",
				"rfdc": "^1.2.0",
				"string-similarity": "^4.0.1"
			}
		},
		"fast-redact": {
			"version": "3.0.1",
			"resolved": "https://registry.nlark.com/fast-redact/download/fast-redact-3.0.1.tgz",
			"integrity": "sha1-1gFblx6TPQNSmwEzO6fyLCmWHpI="
		},
		"fast-safe-stringify": {
			"version": "2.0.7",
			"resolved": "https://registry.npm.taobao.org/fast-safe-stringify/download/fast-safe-stringify-2.0.7.tgz",
			"integrity": "sha1-EkqohYmSYfaK7bQqfAgN6dpgh0M="
		},
		"fastify": {
			"version": "3.18.1",
			"resolved": "https://registry.nlark.com/fastify/download/fastify-3.18.1.tgz",
			"integrity": "sha1-uRrDtOCoSmcKGOQGK+1FVypmnFA=",
			"requires": {
				"@fastify/ajv-compiler": "^1.0.0",
				"abstract-logging": "^2.0.0",
				"avvio": "^7.1.2",
				"fast-json-stringify": "^2.5.2",
				"fastify-error": "^0.3.0",
				"fastify-warning": "^0.2.0",
				"find-my-way": "^4.0.0",
				"flatstr": "^1.0.12",
				"light-my-request": "^4.2.0",
				"pino": "^6.2.1",
				"proxy-addr": "^2.0.7",
				"readable-stream": "^3.4.0",
				"rfdc": "^1.1.4",
				"secure-json-parse": "^2.0.0",
				"semver": "^7.3.2",
				"tiny-lru": "^7.0.0"
			}
		},
		"fastify-error": {
			"version": "0.3.1",
			"resolved": "https://registry.nlark.com/fastify-error/download/fastify-error-0.3.1.tgz",
			"integrity": "sha1-jrmT4V489X8DV/xFKvkpDxwSeNI="
		},
		"fastify-warning": {
			"version": "0.2.0",
			"resolved": "https://registry.npm.taobao.org/fastify-warning/download/fastify-warning-0.2.0.tgz",
			"integrity": "sha1-5xd3YCakST3Jor76RNttF/YYAI8="
		},
		"fastq": {
			"version": "1.11.1",
			"resolved": "https://registry.nlark.com/fastq/download/fastq-1.11.1.tgz",
			"integrity": "sha1-XYF1quF9thlH+LFiz8f2MmTSKAc=",
			"requires": {
				"reusify": "^1.0.4"
			}
		},
		"find-my-way": {
			"version": "4.3.0",
			"resolved": "https://registry.nlark.com/find-my-way/download/find-my-way-4.3.0.tgz",
			"integrity": "sha1-NNwOxDTvlNb8XEtzO7kXlYIbJXU=",
			"requires": {
				"fast-decode-uri-component": "^1.0.1",
				"fast-deep-equal": "^3.1.3",
				"safe-regex2": "^2.0.0",
				"semver-store": "^0.3.0"
			}
		},
		"flatstr": {
			"version": "1.0.12",
			"resolved": "https://registry.npm.taobao.org/flatstr/download/flatstr-1.0.12.tgz",
			"integrity": "sha1-wrpqCBc+27bJZA4wVbleKHzrWTE="
		},
		"forwarded": {
			"version": "0.2.0",
			"resolved": "https://registry.nlark.com/forwarded/download/forwarded-0.2.0.tgz?cache=0&sync_timestamp=1622503408398&other_urls=https%3A%2F%2Fregistry.nlark.com%2Fforwarded%2Fdownload%2Fforwarded-0.2.0.tgz",
			"integrity": "sha1-ImmTZCiq1MFcfr6XeahL8LKoGBE="
		},
		"inherits": {
			"version": "2.0.4",
			"resolved": "https://registry.nlark.com/inherits/download/inherits-2.0.4.tgz",
			"integrity": "sha1-D6LGT5MpF8NDOg3tVTY6rjdBa3w="
		},
		"ipaddr.js": {
			"version": "1.9.1",
			"resolved": "https://registry.nlark.com/ipaddr.js/download/ipaddr.js-1.9.1.tgz",
			"integrity": "sha1-v/OFQ+64mEglB5/zoqjmy9RngbM="
		},
		"json-schema-traverse": {
			"version": "0.4.1",
			"resolved": "https://registry.nlark.com/json-schema-traverse/download/json-schema-traverse-0.4.1.tgz",
			"integrity": "sha1-afaofZUTq4u4/mO9sJecRI5oRmA="
		},
		"light-my-request": {
			"version": "4.4.1",
			"resolved": "https://registry.npm.taobao.org/light-my-request/download/light-my-request-4.4.1.tgz",
			"integrity": "sha1-v6IiAxbu9PZGW/LwZneA2mt/anE=",
			"requires": {
				"ajv": "^6.12.2",
				"cookie": "^0.4.0",
				"fastify-warning": "^0.2.0",
				"readable-stream": "^3.6.0",
				"set-cookie-parser": "^2.4.1"
			}
		},
		"lru-cache": {
			"version": "6.0.0",
			"resolved": "https://registry.nlark.com/lru-cache/download/lru-cache-6.0.0.tgz",
			"integrity": "sha1-bW/mVw69lqr5D8rR2vo7JWbbOpQ=",
			"requires": {
				"yallist": "^4.0.0"
			}
		},
		"ms": {
			"version": "2.1.2",
			"resolved": "https://registry.nlark.com/ms/download/ms-2.1.2.tgz?cache=0&sync_timestamp=1618847031760&other_urls=https%3A%2F%2Fregistry.nlark.com%2Fms%2Fdownload%2Fms-2.1.2.tgz",
			"integrity": "sha1-0J0fNXtEP0kzgqjrPM0YOHKuYAk="
		},
		"pino": {
			"version": "6.11.3",
			"resolved": "https://registry.npm.taobao.org/pino/download/pino-6.11.3.tgz",
			"integrity": "sha1-DALuxgKdJeZ5T9trvqNnJH10vCk=",
			"requires": {
				"fast-redact": "^3.0.0",
				"fast-safe-stringify": "^2.0.7",
				"flatstr": "^1.0.12",
				"pino-std-serializers": "^3.1.0",
				"quick-format-unescaped": "^4.0.3",
				"sonic-boom": "^1.0.2"
			}
		},
		"pino-std-serializers": {
			"version": "3.2.0",
			"resolved": "https://registry.nlark.com/pino-std-serializers/download/pino-std-serializers-3.2.0.tgz",
			"integrity": "sha1-tWSHxALYguuWzWfCV4aAFrYa1nE="
		},
		"proxy-addr": {
			"version": "2.0.7",
			"resolved": "https://registry.nlark.com/proxy-addr/download/proxy-addr-2.0.7.tgz?cache=0&sync_timestamp=1622509219195&other_urls=https%3A%2F%2Fregistry.nlark.com%2Fproxy-addr%2Fdownload%2Fproxy-addr-2.0.7.tgz",
			"integrity": "sha1-8Z/mnOqzEe65S0LnDowgcPm6ECU=",
			"requires": {
				"forwarded": "0.2.0",
				"ipaddr.js": "1.9.1"
			}
		},
		"punycode": {
			"version": "2.1.1",
			"resolved": "https://registry.npm.taobao.org/punycode/download/punycode-2.1.1.tgz",
			"integrity": "sha1-tYsBCsQMIsVldhbI0sLALHv0eew="
		},
		"queue-microtask": {
			"version": "1.2.3",
			"resolved": "https://registry.nlark.com/queue-microtask/download/queue-microtask-1.2.3.tgz",
			"integrity": "sha1-SSkii7xyTfrEPg77BYyve2z7YkM="
		},
		"quick-format-unescaped": {
			"version": "4.0.3",
			"resolved": "https://registry.npm.taobao.org/quick-format-unescaped/download/quick-format-unescaped-4.0.3.tgz",
			"integrity": "sha1-bWtmuCB6orNe7xK+FCG7JMQo9lI="
		},
		"readable-stream": {
			"version": "3.6.0",
			"resolved": "https://registry.nlark.com/readable-stream/download/readable-stream-3.6.0.tgz",
			"integrity": "sha1-M3u9o63AcGvT4CRCaihtS0sskZg=",
			"requires": {
				"inherits": "^2.0.3",
				"string_decoder": "^1.1.1",
				"util-deprecate": "^1.0.1"
			}
		},
		"ret": {
			"version": "0.2.2",
			"resolved": "https://registry.nlark.com/ret/download/ret-0.2.2.tgz",
			"integrity": "sha1-toYXgqH0di3OQ0Aqcet6KD9EVzw="
		},
		"reusify": {
			"version": "1.0.4",
			"resolved": "https://registry.npm.taobao.org/reusify/download/reusify-1.0.4.tgz",
			"integrity": "sha1-kNo4Kx4SbvwCFG6QhFqI2xKSXXY="
		},
		"rfdc": {
			"version": "1.3.0",
			"resolved": "https://registry.npm.taobao.org/rfdc/download/rfdc-1.3.0.tgz",
			"integrity": "sha1-0LfEQasnINBdxM8m4ByJYx2doIs="
		},
		"safe-buffer": {
			"version": "5.2.1",
			"resolved": "https://registry.nlark.com/safe-buffer/download/safe-buffer-5.2.1.tgz",
			"integrity": "sha1-Hq+fqb2x/dTsdfWPnNtOa3gn7sY="
		},
		"safe-regex2": {
			"version": "2.0.0",
			"resolved": "https://registry.npm.taobao.org/safe-regex2/download/safe-regex2-2.0.0.tgz",
			"integrity": "sha1-sodSTDl8eimURwNn4BheGRax9bk=",
			"requires": {
				"ret": "~0.2.0"
			}
		},
		"secure-json-parse": {
			"version": "2.4.0",
			"resolved": "https://registry.npm.taobao.org/secure-json-parse/download/secure-json-parse-2.4.0.tgz",
			"integrity": "sha1-Wq6q74XHpBf3YnGk9bDMMxXdyoU="
		},
		"semver": {
			"version": "7.3.5",
			"resolved": "https://registry.nlark.com/semver/download/semver-7.3.5.tgz?cache=0&other_urls=https%3A%2F%2Fregistry.nlark.com%2Fsemver%2Fdownload%2Fsemver-7.3.5.tgz",
			"integrity": "sha1-C2Ich5NI2JmOSw5L6Us/EuYBjvc=",
			"requires": {
				"lru-cache": "^6.0.0"
			}
		},
		"semver-store": {
			"version": "0.3.0",
			"resolved": "https://registry.npm.taobao.org/semver-store/download/semver-store-0.3.0.tgz",
			"integrity": "sha1-zmAv8H3zcIDsn0+0CylXZUe+++k="
		},
		"set-cookie-parser": {
			"version": "2.4.8",
			"resolved": "https://registry.npm.taobao.org/set-cookie-parser/download/set-cookie-parser-2.4.8.tgz",
			"integrity": "sha1-0NoO04i8jyTnBqOR+cniUqE8WLI="
		},
		"sonic-boom": {
			"version": "1.4.1",
			"resolved": "https://registry.nlark.com/sonic-boom/download/sonic-boom-1.4.1.tgz",
			"integrity": "sha1-011qdAdmJPEub5F63nuddekY9T4=",
			"requires": {
				"atomic-sleep": "^1.0.0",
				"flatstr": "^1.0.12"
			}
		},
		"string-similarity": {
			"version": "4.0.4",
			"resolved": "https://registry.npm.taobao.org/string-similarity/download/string-similarity-4.0.4.tgz",
			"integrity": "sha1-QtAasLNGYOqKAY2o9WozCbuLKls="
		},
		"string_decoder": {
			"version": "1.3.0",
			"resolved": "https://registry.nlark.com/string_decoder/download/string_decoder-1.3.0.tgz",
			"integrity": "sha1-QvEUWUpGzxqOMLCoT1bHjD7awh4=",
			"requires": {
				"safe-buffer": "~5.2.0"
			}
		},
		"tiny-lru": {
			"version": "7.0.6",
			"resolved": "https://registry.npm.taobao.org/tiny-lru/download/tiny-lru-7.0.6.tgz",
			"integrity": "sha1-sMPN7eHliCqi0a4hyyzszyozHyQ="
		},
		"uri-js": {
			"version": "4.4.1",
			"resolved": "https://registry.npm.taobao.org/uri-js/download/uri-js-4.4.1.tgz?cache=0&sync_timestamp=1610240086113&other_urls=https%3A%2F%2Fregistry.npm.taobao.org%2Furi-js%2Fdownload%2Furi-js-4.4.1.tgz",
			"integrity": "sha1-mxpSWVIlhZ5V9mnZKPiMbFfyp34=",
			"requires": {
				"punycode": "^2.1.0"
			}
		},
		"util-deprecate": {
			"version": "1.0.2",
			"resolved": "https://registry.nlark.com/util-deprecate/download/util-deprecate-1.0.2.tgz",
			"integrity": "sha1-RQ1Nyfpw3nMnYvvS1KKJgUGaDM8="
		},
		"yallist": {
			"version": "4.0.0",
			"resolved": "https://registry.nlark.com/yallist/download/yallist-4.0.0.tgz",
			"integrity": "sha1-m7knkNnA7/7GO+c1GeEaNQGaOnI="
		}
	}
}
